
Microsoft Visual Studio Solution File, Format Version 12.00
# Visual Studio 2012
Project("{E24C65DC-7377-472B-9ABA-BC803B73C61A}") = "WebNombreEdad", "http://localhost:2467", "{AB97CE0F-5FF7-4735-95BD-B96E12A5793C}"
	ProjectSection(WebsiteProperties) = preProject
		UseIISExpress = "true"
		TargetFrameworkMoniker = ".NETFramework,Version%3Dv4.5"
		Debug.AspNetCompiler.VirtualPath = "/localhost_2467"
		Debug.AspNetCompiler.PhysicalPath = "..\..\WebSites\WebNombreEdad\"
		Debug.AspNetCompiler.TargetPath = "PrecompiledWeb\localhost_2467\"
		Debug.AspNetCompiler.Updateable = "true"
		Debug.AspNetCompiler.ForceOverwrite = "true"
		Debug.AspNetCompiler.FixedNames = "false"
		Debug.AspNetCompiler.Debug = "True"
		Release.AspNetCompiler.VirtualPath = "/localhost_2467"
		Release.AspNetCompiler.PhysicalPath = "..\..\WebSites\WebNombreEdad\"
		Release.AspNetCompiler.TargetPath = "PrecompiledWeb\localhost_2467\"
		Release.AspNetCompiler.Updateable = "true"
		Release.AspNetCompiler.ForceOverwrite = "true"
		Release.AspNetCompiler.FixedNames = "false"
		Release.AspNetCompiler.Debug = "False"
		SlnRelativePath = "..\..\WebSites\WebNombreEdad\"
		DefaultWebSiteLanguage = "Visual C#"
	EndProjectSection
EndProject
Global
	GlobalSection(SolutionConfigurationPlatforms) = preSolution
		Debug|Any CPU = Debug|Any CPU
	EndGlobalSection
	GlobalSection(ProjectConfigurationPlatforms) = postSolution
		{AB97CE0F-5FF7-4735-95BD-B96E12A5793C}.Debug|Any CPU.ActiveCfg = Debug|Any CPU
		{AB97CE0F-5FF7-4735-95BD-B96E12A5793C}.Debug|Any CPU.Build.0 = Debug|Any CPU
	EndGlobalSection
	GlobalSection(SolutionProperties) = preSolution
		HideSolutionNode = FALSE
	EndGlobalSection
EndGlobal
